// !$*UTF8*$!
{
	archiveVersion = 1;
	classes = {
	};
	objectVersion = 46;
	objects = {

/* Begin PBXBuildFile section */
		E437A3451C93F75900DB0B20 /* AppDelegate.swift in Sources */ = {isa = PBXBuildFile; fileRef = E437A3441C93F75900DB0B20 /* AppDelegate.swift */; };
		E437A3471C93F75900DB0B20 /* SearchViewController.swift in Sources */ = {isa = PBXBuildFile; fileRef = E437A3461C93F75900DB0B20 /* SearchViewController.swift */; };
		E437A34A1C93F75900DB0B20 /* Main.storyboard in Resources */ = {isa = PBXBuildFile; fileRef = E437A3481C93F75900DB0B20 /* Main.storyboard */; };
		E437A34C1C93F75900DB0B20 /* Assets.xcassets in Resources */ = {isa = PBXBuildFile; fileRef = E437A34B1C93F75900DB0B20 /* Assets.xcassets */; };
		E47737161CAE6A8500C8C30D /* FadeOutAnimationController.swift in Sources */ = {isa = PBXBuildFile; fileRef = E47737151CAE6A8500C8C30D /* FadeOutAnimationController.swift */; };
		E4829EEA1C97387700DCF0F8 /* SearchResult.swift in Sources */ = {isa = PBXBuildFile; fileRef = E4829EE91C97387700DCF0F8 /* SearchResult.swift */; };
		E4AF9A811CAA886900FEBD26 /* GradientView.swift in Sources */ = {isa = PBXBuildFile; fileRef = E4AF9A801CAA886900FEBD26 /* GradientView.swift */; };
		E4AF9A831CAAEC1900FEBD26 /* BounceAnimationController.swift in Sources */ = {isa = PBXBuildFile; fileRef = E4AF9A821CAAEC1900FEBD26 /* BounceAnimationController.swift */; };
		E4C5EAB41CB514C900C4D37D /* LoadingCell.xib in Resources */ = {isa = PBXBuildFile; fileRef = E4C5EAB61CB514C900C4D37D /* LoadingCell.xib */; };
		E4C5EABB1CB5690700C4D37D /* SearchResultCell.xib in Resources */ = {isa = PBXBuildFile; fileRef = E4C5EABD1CB5690700C4D37D /* SearchResultCell.xib */; };
		E4C5EAC01CB5943800C4D37D /* Localizable.strings in Resources */ = {isa = PBXBuildFile; fileRef = E4C5EABE1CB5943800C4D37D /* Localizable.strings */; };
		E4D288321CABFD09009B01C5 /* SlideOutAnimationController.swift in Sources */ = {isa = PBXBuildFile; fileRef = E4D288311CABFD09009B01C5 /* SlideOutAnimationController.swift */; };
		E4D29F741CB4EADE00C4A6FF /* NothingFoundCell.xib in Resources */ = {isa = PBXBuildFile; fileRef = E4D29F761CB4EADE00C4A6FF /* NothingFoundCell.xib */; };
		E4D46B101CBCD93900D55B79 /* MenuViewController.swift in Sources */ = {isa = PBXBuildFile; fileRef = E4D46B0F1CBCD93900D55B79 /* MenuViewController.swift */; };
		E4D4FA681C97FD5B00156CC9 /* SearchResultCell.swift in Sources */ = {isa = PBXBuildFile; fileRef = E4D4FA671C97FD5B00156CC9 /* SearchResultCell.swift */; };
		E4D763DE1CACE6C400F137B5 /* LandscapeViewController.swift in Sources */ = {isa = PBXBuildFile; fileRef = E4D763DD1CACE6C400F137B5 /* LandscapeViewController.swift */; };
		E4D8B5B71CB112B70073582C /* Search.swift in Sources */ = {isa = PBXBuildFile; fileRef = E4D8B5B61CB112B60073582C /* Search.swift */; };
		E4DB21BD1CB8D6AC00AD50AB /* InfoPlist.strings in Resources */ = {isa = PBXBuildFile; fileRef = E4DB21BF1CB8D6AC00AD50AB /* InfoPlist.strings */; };
		E4DD2CE71CA67E4F00CB9111 /* DetailViewController.swift in Sources */ = {isa = PBXBuildFile; fileRef = E4DD2CE61CA67E4F00CB9111 /* DetailViewController.swift */; };
		E4DD2CE91CA6B33C00CB9111 /* DimmingPresentationController.swift in Sources */ = {isa = PBXBuildFile; fileRef = E4DD2CE81CA6B33C00CB9111 /* DimmingPresentationController.swift */; };
		E4DEA6541CA3D44E00024F58 /* UIImageView+DownloadImage.swift..swift in Sources */ = {isa = PBXBuildFile; fileRef = E4DEA6531CA3D44E00024F58 /* UIImageView+DownloadImage.swift..swift */; };
/* End PBXBuildFile section */

/* Begin PBXFileReference section */
		E437A3411C93F75900DB0B20 /* StoreSearch.app */ = {isa = PBXFileReference; explicitFileType = wrapper.application; includeInIndex = 0; path = StoreSearch.app; sourceTree = BUILT_PRODUCTS_DIR; };
		E437A3441C93F75900DB0B20 /* AppDelegate.swift */ = {isa = PBXFileReference; lastKnownFileType = sourcecode.swift; path = AppDelegate.swift; sourceTree = "<group>"; };
		E437A3461C93F75900DB0B20 /* SearchViewController.swift */ = {isa = PBXFileReference; lastKnownFileType = sourcecode.swift; path = SearchViewController.swift; sourceTree = "<group>"; };
		E437A3491C93F75900DB0B20 /* Base */ = {isa = PBXFileReference; lastKnownFileType = file.storyboard; name = Base; path = Base.lproj/Main.storyboard; sourceTree = "<group>"; };
		E437A34B1C93F75900DB0B20 /* Assets.xcassets */ = {isa = PBXFileReference; lastKnownFileType = folder.assetcatalog; path = Assets.xcassets; sourceTree = "<group>"; };
		E437A3501C93F75900DB0B20 /* Info.plist */ = {isa = PBXFileReference; lastKnownFileType = text.plist.xml; path = Info.plist; sourceTree = "<group>"; };
		E47737151CAE6A8500C8C30D /* FadeOutAnimationController.swift */ = {isa = PBXFileReference; fileEncoding = 4; lastKnownFileType = sourcecode.swift; path = FadeOutAnimationController.swift; sourceTree = "<group>"; };
		E4829EE91C97387700DCF0F8 /* SearchResult.swift */ = {isa = PBXFileReference; fileEncoding = 4; lastKnownFileType = sourcecode.swift; path = SearchResult.swift; sourceTree = "<group>"; };
		E4AF9A801CAA886900FEBD26 /* GradientView.swift */ = {isa = PBXFileReference; fileEncoding = 4; lastKnownFileType = sourcecode.swift; path = GradientView.swift; sourceTree = "<group>"; };
		E4AF9A821CAAEC1900FEBD26 /* BounceAnimationController.swift */ = {isa = PBXFileReference; fileEncoding = 4; lastKnownFileType = sourcecode.swift; path = BounceAnimationController.swift; sourceTree = "<group>"; };
		E4C5EAB31CB4F43B00C4D37D /* nl */ = {isa = PBXFileReference; lastKnownFileType = file.xib; name = nl; path = nl.lproj/NothingFoundCell.xib; sourceTree = "<group>"; };
		E4C5EAB51CB514C900C4D37D /* Base */ = {isa = PBXFileReference; lastKnownFileType = file.xib; name = Base; path = Base.lproj/LoadingCell.xib; sourceTree = "<group>"; };
		E4C5EAB81CB5151F00C4D37D /* nl */ = {isa = PBXFileReference; lastKnownFileType = text.plist.strings; name = nl; path = nl.lproj/LoadingCell.strings; sourceTree = "<group>"; };
		E4C5EABA1CB55F7300C4D37D /* nl */ = {isa = PBXFileReference; lastKnownFileType = text.plist.strings; name = nl; path = nl.lproj/Main.strings; sourceTree = "<group>"; };
		E4C5EABC1CB5690700C4D37D /* Base */ = {isa = PBXFileReference; lastKnownFileType = file.xib; name = Base; path = Base.lproj/SearchResultCell.xib; sourceTree = "<group>"; };
		E4C5EABF1CB5943800C4D37D /* en */ = {isa = PBXFileReference; lastKnownFileType = text.plist.strings; name = en; path = en.lproj/Localizable.strings; sourceTree = "<group>"; };
		E4D288311CABFD09009B01C5 /* SlideOutAnimationController.swift */ = {isa = PBXFileReference; fileEncoding = 4; lastKnownFileType = sourcecode.swift; path = SlideOutAnimationController.swift; sourceTree = "<group>"; };
		E4D29F751CB4EADE00C4A6FF /* en */ = {isa = PBXFileReference; lastKnownFileType = file.xib; name = en; path = en.lproj/NothingFoundCell.xib; sourceTree = "<group>"; };
		E4D46B0F1CBCD93900D55B79 /* MenuViewController.swift */ = {isa = PBXFileReference; fileEncoding = 4; lastKnownFileType = sourcecode.swift; path = MenuViewController.swift; sourceTree = "<group>"; };
		E4D493111CB649580003E6D2 /* nl */ = {isa = PBXFileReference; lastKnownFileType = text.plist.strings; name = nl; path = nl.lproj/Localizable.strings; sourceTree = "<group>"; };
		E4D4FA671C97FD5B00156CC9 /* SearchResultCell.swift */ = {isa = PBXFileReference; fileEncoding = 4; lastKnownFileType = sourcecode.swift; path = SearchResultCell.swift; sourceTree = "<group>"; };
		E4D763DD1CACE6C400F137B5 /* LandscapeViewController.swift */ = {isa = PBXFileReference; fileEncoding = 4; lastKnownFileType = sourcecode.swift; path = LandscapeViewController.swift; sourceTree = "<group>"; };
		E4D8B5B61CB112B60073582C /* Search.swift */ = {isa = PBXFileReference; fileEncoding = 4; lastKnownFileType = sourcecode.swift; path = Search.swift; sourceTree = "<group>"; };
		E4DB21BE1CB8D6AC00AD50AB /* Base */ = {isa = PBXFileReference; lastKnownFileType = text.plist.strings; name = Base; path = Base.lproj/InfoPlist.strings; sourceTree = "<group>"; };
		E4DB21C01CB8D6B000AD50AB /* nl */ = {isa = PBXFileReference; lastKnownFileType = text.plist.strings; name = nl; path = nl.lproj/InfoPlist.strings; sourceTree = "<group>"; };
		E4DD2CE61CA67E4F00CB9111 /* DetailViewController.swift */ = {isa = PBXFileReference; fileEncoding = 4; lastKnownFileType = sourcecode.swift; path = DetailViewController.swift; sourceTree = "<group>"; };
		E4DD2CE81CA6B33C00CB9111 /* DimmingPresentationController.swift */ = {isa = PBXFileReference; fileEncoding = 4; lastKnownFileType = sourcecode.swift; path = DimmingPresentationController.swift; sourceTree = "<group>"; };
		E4DEA6531CA3D44E00024F58 /* UIImageView+DownloadImage.swift..swift */ = {isa = PBXFileReference; fileEncoding = 4; lastKnownFileType = sourcecode.swift; path = "UIImageView+DownloadImage.swift..swift"; sourceTree = "<group>"; };
/* End PBXFileReference section */

/* Begin PBXFrameworksBuildPhase section */
		E437A33E1C93F75900DB0B20 /* Frameworks */ = {
			isa = PBXFrameworksBuildPhase;
			buildActionMask = 2147483647;
			files = (
			);
			runOnlyForDeploymentPostprocessing = 0;
		};
/* End PBXFrameworksBuildPhase section */

/* Begin PBXGroup section */
		E437A3381C93F75900DB0B20 = {
			isa = PBXGroup;
			children = (
				E437A3431C93F75900DB0B20 /* StoreSearch */,
				E437A3421C93F75900DB0B20 /* Products */,
			);
			sourceTree = "<group>";
		};
		E437A3421C93F75900DB0B20 /* Products */ = {
			isa = PBXGroup;
			children = (
				E437A3411C93F75900DB0B20 /* StoreSearch.app */,
			);
			name = Products;
			sourceTree = "<group>";
		};
		E437A3431C93F75900DB0B20 /* StoreSearch */ = {
			isa = PBXGroup;
			children = (
				E4C5EABE1CB5943800C4D37D /* Localizable.strings */,
				E437A3441C93F75900DB0B20 /* AppDelegate.swift */,
				E437A3461C93F75900DB0B20 /* SearchViewController.swift */,
				E437A3481C93F75900DB0B20 /* Main.storyboard */,
				E437A34B1C93F75900DB0B20 /* Assets.xcassets */,
				E437A3501C93F75900DB0B20 /* Info.plist */,
				E4829EE91C97387700DCF0F8 /* SearchResult.swift */,
				E4C5EABD1CB5690700C4D37D /* SearchResultCell.xib */,
				E4D4FA671C97FD5B00156CC9 /* SearchResultCell.swift */,
				E4D29F761CB4EADE00C4A6FF /* NothingFoundCell.xib */,
				E4C5EAB61CB514C900C4D37D /* LoadingCell.xib */,
				E4DEA6531CA3D44E00024F58 /* UIImageView+DownloadImage.swift..swift */,
				E4DD2CE61CA67E4F00CB9111 /* DetailViewController.swift */,
				E4DD2CE81CA6B33C00CB9111 /* DimmingPresentationController.swift */,
				E4AF9A801CAA886900FEBD26 /* GradientView.swift */,
				E4AF9A821CAAEC1900FEBD26 /* BounceAnimationController.swift */,
				E4D288311CABFD09009B01C5 /* SlideOutAnimationController.swift */,
				E4D763DD1CACE6C400F137B5 /* LandscapeViewController.swift */,
				E47737151CAE6A8500C8C30D /* FadeOutAnimationController.swift */,
				E4D8B5B61CB112B60073582C /* Search.swift */,
				E4DB21BF1CB8D6AC00AD50AB /* InfoPlist.strings */,
				E4D46B0F1CBCD93900D55B79 /* MenuViewController.swift */,
			);
			path = StoreSearch;
			sourceTree = "<group>";
		};
/* End PBXGroup section */

/* Begin PBXNativeTarget section */
		E437A3401C93F75900DB0B20 /* StoreSearch */ = {
			isa = PBXNativeTarget;
			buildConfigurationList = E437A3531C93F75900DB0B20 /* Build configuration list for PBXNativeTarget "StoreSearch" */;
			buildPhases = (
				E437A33D1C93F75900DB0B20 /* Sources */,
				E437A33E1C93F75900DB0B20 /* Frameworks */,
				E437A33F1C93F75900DB0B20 /* Resources */,
			);
			buildRules = (
			);
			dependencies = (
			);
			name = StoreSearch;
			productName = StoreSearch;
			productReference = E437A3411C93F75900DB0B20 /* StoreSearch.app */;
			productType = "com.apple.product-type.application";
		};
/* End PBXNativeTarget section */

/* Begin PBXProject section */
		E437A3391C93F75900DB0B20 /* Project object */ = {
			isa = PBXProject;
			attributes = {
				LastSwiftUpdateCheck = 0720;
				LastUpgradeCheck = 0720;
				ORGANIZATIONNAME = Oleksandr;
				TargetAttributes = {
					E437A3401C93F75900DB0B20 = {
						CreatedOnToolsVersion = 7.2.1;
						DevelopmentTeam = PZQCK5T4Z8;
					};
				};
			};
			buildConfigurationList = E437A33C1C93F75900DB0B20 /* Build configuration list for PBXProject "StoreSearch" */;
			compatibilityVersion = "Xcode 3.2";
			developmentRegion = English;
			hasScannedForEncodings = 0;
			knownRegions = (
				en,
				Base,
				nl,
			);
			mainGroup = E437A3381C93F75900DB0B20;
			productRefGroup = E437A3421C93F75900DB0B20 /* Products */;
			projectDirPath = "";
			projectRoot = "";
			targets = (
				E437A3401C93F75900DB0B20 /* StoreSearch */,
			);
		};
/* End PBXProject section */

/* Begin PBXResourcesBuildPhase section */
		E437A33F1C93F75900DB0B20 /* Resources */ = {
			isa = PBXResourcesBuildPhase;
			buildActionMask = 2147483647;
			files = (
				E437A34C1C93F75900DB0B20 /* Assets.xcassets in Resources */,
				E4DB21BD1CB8D6AC00AD50AB /* InfoPlist.strings in Resources */,
				E4C5EAC01CB5943800C4D37D /* Localizable.strings in Resources */,
				E4C5EAB41CB514C900C4D37D /* LoadingCell.xib in Resources */,
				E4C5EABB1CB5690700C4D37D /* SearchResultCell.xib in Resources */,
				E4D29F741CB4EADE00C4A6FF /* NothingFoundCell.xib in Resources */,
				E437A34A1C93F75900DB0B20 /* Main.storyboard in Resources */,
			);
			runOnlyForDeploymentPostprocessing = 0;
		};
/* End PBXResourcesBuildPhase section */

/* Begin PBXSourcesBuildPhase section */
		E437A33D1C93F75900DB0B20 /* Sources */ = {
			isa = PBXSourcesBuildPhase;
			buildActionMask = 2147483647;
			files = (
				E4D8B5B71CB112B70073582C /* Search.swift in Sources */,
				E437A3471C93F75900DB0B20 /* SearchViewController.swift in Sources */,
				E4DD2CE91CA6B33C00CB9111 /* DimmingPresentationController.swift in Sources */,
				E47737161CAE6A8500C8C30D /* FadeOutAnimationController.swift in Sources */,
				E4829EEA1C97387700DCF0F8 /* SearchResult.swift in Sources */,
				E4D4FA681C97FD5B00156CC9 /* SearchResultCell.swift in Sources */,
				E4AF9A831CAAEC1900FEBD26 /* BounceAnimationController.swift in Sources */,
				E4D763DE1CACE6C400F137B5 /* LandscapeViewController.swift in Sources */,
				E4D46B101CBCD93900D55B79 /* MenuViewController.swift in Sources */,
				E4DD2CE71CA67E4F00CB9111 /* DetailViewController.swift in Sources */,
				E437A3451C93F75900DB0B20 /* AppDelegate.swift in Sources */,
				E4AF9A811CAA886900FEBD26 /* GradientView.swift in Sources */,
				E4DEA6541CA3D44E00024F58 /* UIImageView+DownloadImage.swift..swift in Sources */,
				E4D288321CABFD09009B01C5 /* SlideOutAnimationController.swift in Sources */,
			);
			runOnlyForDeploymentPostprocessing = 0;
		};
/* End PBXSourcesBuildPhase section */

/* Begin PBXVariantGroup section */
		E437A3481C93F75900DB0B20 /* Main.storyboard */ = {
			isa = PBXVariantGroup;
			children = (
				E437A3491C93F75900DB0B20 /* Base */,
				E4C5EABA1CB55F7300C4D37D /* nl */,
			);
			name = Main.storyboard;
			sourceTree = "<group>";
		};
		E4C5EAB61CB514C900C4D37D /* LoadingCell.xib */ = {
			isa = PBXVariantGroup;
			children = (
				E4C5EAB51CB514C900C4D37D /* Base */,
				E4C5EAB81CB5151F00C4D37D /* nl */,
			);
			name = LoadingCell.xib;
			sourceTree = "<group>";
		};
		E4C5EABD1CB5690700C4D37D /* SearchResultCell.xib */ = {
			isa = PBXVariantGroup;
			children = (
				E4C5EABC1CB5690700C4D37D /* Base */,
			);
			name = SearchResultCell.xib;
			sourceTree = "<group>";
		};
		E4C5EABE1CB5943800C4D37D /* Localizable.strings */ = {
			isa = PBXVariantGroup;
			children = (
				E4C5EABF1CB5943800C4D37D /* en */,
				E4D493111CB649580003E6D2 /* nl */,
			);
			name = Localizable.strings;
			sourceTree = "<group>";
		};
		E4D29F761CB4EADE00C4A6FF /* NothingFoundCell.xib */ = {
			isa = PBXVariantGroup;
			children = (
				E4D29F751CB4EADE00C4A6FF /* en */,
				E4C5EAB31CB4F43B00C4D37D /* nl */,
			);
			name = NothingFoundCell.xib;
			sourceTree = "<group>";
		};
		E4DB21BF1CB8D6AC00AD50AB /* InfoPlist.strings */ = {
			isa = PBXVariantGroup;
			children = (
				E4DB21BE1CB8D6AC00AD50AB /* Base */,
				E4DB21C01CB8D6B000AD50AB /* nl */,
			);
			name = InfoPlist.strings;
			sourceTree = "<group>";
		};
/* End PBXVariantGroup section */

/* Begin XCBuildConfiguration section */
		E437A3511C93F75900DB0B20 /* Debug */ = {
			isa = XCBuildConfiguration;
			buildSettings = {
				ALWAYS_SEARCH_USER_PATHS = NO;
				CLANG_CXX_LANGUAGE_STANDARD = "gnu++0x";
				CLANG_CXX_LIBRARY = "libc++";
				CLANG_ENABLE_MODULES = YES;
				CLANG_ENABLE_OBJC_ARC = YES;
				CLANG_WARN_BOOL_CONVERSION = YES;
				CLANG_WARN_CONSTANT_CONVERSION = YES;
				CLANG_WARN_DIRECT_OBJC_ISA_USAGE = YES_ERROR;
				CLANG_WARN_EMPTY_BODY = YES;
				CLANG_WARN_ENUM_CONVERSION = YES;
				CLANG_WARN_INT_CONVERSION = YES;
				CLANG_WARN_OBJC_ROOT_CLASS = YES_ERROR;
				CLANG_WARN_UNREACHABLE_CODE = YES;
				CLANG_WARN__DUPLICATE_METHOD_MATCH = YES;
				"CODE_SIGN_IDENTITY[sdk=iphoneos*]" = "iPhone Developer";
				COPY_PHASE_STRIP = NO;
				DEBUG_INFORMATION_FORMAT = dwarf;
				ENABLE_STRICT_OBJC_MSGSEND = YES;
				ENABLE_TESTABILITY = YES;
				GCC_C_LANGUAGE_STANDARD = gnu99;
				GCC_DYNAMIC_NO_PIC = NO;
				GCC_NO_COMMON_BLOCKS = YES;
				GCC_OPTIMIZATION_LEVEL = 0;
				GCC_PREPROCESSOR_DEFINITIONS = (
					"DEBUG=1",
					"$(inherited)",
				);
				GCC_WARN_64_TO_32_BIT_CONVERSION = YES;
				GCC_WARN_ABOUT_RETURN_TYPE = YES_ERROR;
				GCC_WARN_UNDECLARED_SELECTOR = YES;
				GCC_WARN_UNINITIALIZED_AUTOS = YES_AGGRESSIVE;
				GCC_WARN_UNUSED_FUNCTION = YES;
				GCC_WARN_UNUSED_VARIABLE = YES;
				IPHONEOS_DEPLOYMENT_TARGET = 9.2;
				MTL_ENABLE_DEBUG_INFO = YES;
				ONLY_ACTIVE_ARCH = YES;
				SDKROOT = iphoneos;
				SWIFT_OPTIMIZATION_LEVEL = "-Onone";
			};
			name = Debug;
		};
		E437A3521C93F75900DB0B20 /* Release */ = {
			isa = XCBuildConfiguration;
			buildSettings = {
				ALWAYS_SEARCH_USER_PATHS = NO;
				CLANG_CXX_LANGUAGE_STANDARD = "gnu++0x";
				CLANG_CXX_LIBRARY = "libc++";
				CLANG_ENABLE_MODULES = YES;
				CLANG_ENABLE_OBJC_ARC = YES;
				CLANG_WARN_BOOL_CONVERSION = YES;
				CLANG_WARN_CONSTANT_CONVERSION = YES;
				CLANG_WARN_DIRECT_OBJC_ISA_USAGE = YES_ERROR;
				CLANG_WARN_EMPTY_BODY = YES;
				CLANG_WARN_ENUM_CONVERSION = YES;
				CLANG_WARN_INT_CONVERSION = YES;
				CLANG_WARN_OBJC_ROOT_CLASS = YES_ERROR;
				CLANG_WARN_UNREACHABLE_CODE = YES;
				CLANG_WARN__DUPLICATE_METHOD_MATCH = YES;
				"CODE_SIGN_IDENTITY[sdk=iphoneos*]" = "iPhone Developer";
				COPY_PHASE_STRIP = NO;
				DEBUG_INFORMATION_FORMAT = "dwarf-with-dsym";
				ENABLE_NS_ASSERTIONS = NO;
				ENABLE_STRICT_OBJC_MSGSEND = YES;
				GCC_C_LANGUAGE_STANDARD = gnu99;
				GCC_NO_COMMON_BLOCKS = YES;
				GCC_WARN_64_TO_32_BIT_CONVERSION = YES;
				GCC_WARN_ABOUT_RETURN_TYPE = YES_ERROR;
				GCC_WARN_UNDECLARED_SELECTOR = YES;
				GCC_WARN_UNINITIALIZED_AUTOS = YES_AGGRESSIVE;
				GCC_WARN_UNUSED_FUNCTION = YES;
				GCC_WARN_UNUSED_VARIABLE = YES;
				IPHONEOS_DEPLOYMENT_TARGET = 9.2;
				MTL_ENABLE_DEBUG_INFO = NO;
				SDKROOT = iphoneos;
				VALIDATE_PRODUCT = YES;
			};
			name = Release;
		};
		E437A3541C93F75900DB0B20 /* Debug */ = {
			isa = XCBuildConfiguration;
			buildSettings = {
				ASSETCATALOG_COMPILER_APPICON_NAME = AppIcon;
				INFOPLIST_FILE = StoreSearch/Info.plist;
				LD_RUNPATH_SEARCH_PATHS = "$(inherited) @executable_path/Frameworks";
				PRODUCT_BUNDLE_IDENTIFIER = com.Oleksandr.StoreSearch;
				PRODUCT_NAME = "$(TARGET_NAME)";
				TARGETED_DEVICE_FAMILY = "1,2";
			};
			name = Debug;
		};
		E437A3551C93F75900DB0B20 /* Release */ = {
			isa = XCBuildConfiguration;
			buildSettings = {
				ASSETCATALOG_COMPILER_APPICON_NAME = AppIcon;
				INFOPLIST_FILE = StoreSearch/Info.plist;
				LD_RUNPATH_SEARCH_PATHS = "$(inherited) @executable_path/Frameworks";
				PRODUCT_BUNDLE_IDENTIFIER = com.Oleksandr.StoreSearch;
				PRODUCT_NAME = "$(TARGET_NAME)";
				TARGETED_DEVICE_FAMILY = "1,2";
			};
			name = Release;
		};
/* End XCBuildConfiguration section */

/* Begin XCConfigurationList section */
		E437A33C1C93F75900DB0B20 /* Build configuration list for PBXProject "StoreSearch" */ = {
			isa = XCConfigurationList;
			buildConfigurations = (
				E437A3511C93F75900DB0B20 /* Debug */,
				E437A3521C93F75900DB0B20 /* Release */,
			);
			defaultConfigurationIsVisible = 0;
			defaultConfigurationName = Release;
		};
		E437A3531C93F75900DB0B20 /* Build configuration list for PBXNativeTarget "StoreSearch" */ = {
			isa = XCConfigurationList;
			buildConfigurations = (
				E437A3541C93F75900DB0B20 /* Debug */,
				E437A3551C93F75900DB0B20 /* Release */,
			);
			defaultConfigurationIsVisible = 0;
			defaultConfigurationName = Release;
		};
/* End XCConfigurationList section */
	};
	rootObject = E437A3391C93F75900DB0B20 /* Project object */;
}
