// !$*UTF8*$!
{
	archiveVersion = 1;
	classes = {
	};
	objectVersion = 46;
	objects = {

/* Begin PBXBuildFile section */
		E437A3451C93F75900DB0B20 /* AppDelegate.swift in Sources */ = {isa = PBXBuildFile; fileRef = E437A3441C93F75900DB0B20 /* AppDelegate.swift */; };
		E437A3471C93F75900DB0B20 /* SearchViewController.swift in Sources */ = {isa = PBXBuildFile; fileRef = E437A3461C93F75900DB0B20 /* SearchViewController.swift */; };
		E437A34A1C93F75900DB0B20 /* Main.storyboard in Resources */ = {isa = PBXBuildFile; fileRef = E437A3481C93F75900DB0B20 /* Main.storyboard */; };
		E437A34C1C93F75900DB0B20 /* Assets.xcassets in Resources */ = {isa = PBXBuildFile; fileRef = E437A34B1C93F75900DB0B20 /* Assets.xcassets */; };
		E437A34F1C93F75900DB0B20 /* LaunchScreen.storyboard in Resources */ = {isa = PBXBuildFile; fileRef = E437A34D1C93F75900DB0B20 /* LaunchScreen.storyboard */; };
		E4829EEA1C97387700DCF0F8 /* SearchResult.swift in Sources */ = {isa = PBXBuildFile; fileRef = E4829EE91C97387700DCF0F8 /* SearchResult.swift */; };
/* End PBXBuildFile section */

/* Begin PBXFileReference section */
		E437A3411C93F75900DB0B20 /* StoreSearch.app */ = {isa = PBXFileReference; explicitFileType = wrapper.application; includeInIndex = 0; path = StoreSearch.app; sourceTree = BUILT_PRODUCTS_DIR; };
		E437A3441C93F75900DB0B20 /* AppDelegate.swift */ = {isa = PBXFileReference; lastKnownFileType = sourcecode.swift; path = AppDelegate.swift; sourceTree = "<group>"; };
		E437A3461C93F75900DB0B20 /* SearchViewController.swift */ = {isa = PBXFileReference; lastKnownFileType = sourcecode.swift; path = SearchViewController.swift; sourceTree = "<group>"; };
		E437A3491C93F75900DB0B20 /* Base */ = {isa = PBXFileReference; lastKnownFileType = file.storyboard; name = Base; path = Base.lproj/Main.storyboard; sourceTree = "<group>"; };
		E437A34B1C93F75900DB0B20 /* Assets.xcassets */ = {isa = PBXFileReference; lastKnownFileType = folder.assetcatalog; path = Assets.xcassets; sourceTree = "<group>"; };
		E437A34E1C93F75900DB0B20 /* Base */ = {isa = PBXFileReference; lastKnownFileType = file.storyboard; name = Base; path = Base.lproj/LaunchScreen.storyboard; sourceTree = "<group>"; };
		E437A3501C93F75900DB0B20 /* Info.plist */ = {isa = PBXFileReference; lastKnownFileType = text.plist.xml; path = Info.plist; sourceTree = "<group>"; };
		E4829EE91C97387700DCF0F8 /* SearchResult.swift */ = {isa = PBXFileReference; fileEncoding = 4; lastKnownFileType = sourcecode.swift; path = SearchResult.swift; sourceTree = "<group>"; };
/* End PBXFileReference section */

/* Begin PBXFrameworksBuildPhase section */
		E437A33E1C93F75900DB0B20 /* Frameworks */ = {
			isa = PBXFrameworksBuildPhase;
			buildActionMask = 2147483647;
			files = (
			);
			runOnlyForDeploymentPostprocessing = 0;
		};
/* End PBXFrameworksBuildPhase section */

/* Begin PBXGroup section */
		E437A3381C93F75900DB0B20 = {
			isa = PBXGroup;
			children = (
				E437A3431C93F75900DB0B20 /* StoreSearch */,
				E437A3421C93F75900DB0B20 /* Products */,
			);
			sourceTree = "<group>";
		};
		E437A3421C93F75900DB0B20 /* Products */ = {
			isa = PBXGroup;
			children = (
				E437A3411C93F75900DB0B20 /* StoreSearch.app */,
			);
			name = Products;
			sourceTree = "<group>";
		};
		E437A3431C93F75900DB0B20 /* StoreSearch */ = {
			isa = PBXGroup;
			children = (
				E437A3441C93F75900DB0B20 /* AppDelegate.swift */,
				E437A3461C93F75900DB0B20 /* SearchViewController.swift */,
				E437A3481C93F75900DB0B20 /* Main.storyboard */,
				E437A34B1C93F75900DB0B20 /* Assets.xcassets */,
				E437A34D1C93F75900DB0B20 /* LaunchScreen.storyboard */,
				E437A3501C93F75900DB0B20 /* Info.plist */,
				E4829EE91C97387700DCF0F8 /* SearchResult.swift */,
			);
			path = StoreSearch;
			sourceTree = "<group>";
		};
/* End PBXGroup section */

/* Begin PBXNativeTarget section */
		E437A3401C93F75900DB0B20 /* StoreSearch */ = {
			isa = PBXNativeTarget;
			buildConfigurationList = E437A3531C93F75900DB0B20 /* Build configuration list for PBXNativeTarget "StoreSearch" */;
			buildPhases = (
				E437A33D1C93F75900DB0B20 /* Sources */,
				E437A33E1C93F75900DB0B20 /* Frameworks */,
				E437A33F1C93F75900DB0B20 /* Resources */,
			);
			buildRules = (
			);
			dependencies = (
			);
			name = StoreSearch;
			productName = StoreSearch;
			productReference = E437A3411C93F75900DB0B20 /* StoreSearch.app */;
			productType = "com.apple.product-type.application";
		};
/* End PBXNativeTarget section */

/* Begin PBXProject section */
		E437A3391C93F75900DB0B20 /* Project object */ = {
			isa = PBXProject;
			attributes = {
				LastSwiftUpdateCheck = 0720;
				LastUpgradeCheck = 0720;
				ORGANIZATIONNAME = Oleksandr;
				TargetAttributes = {
					E437A3401C93F75900DB0B20 = {
						CreatedOnToolsVersion = 7.2.1;
						DevelopmentTeam = PZQCK5T4Z8;
					};
				};
			};
			buildConfigurationList = E437A33C1C93F75900DB0B20 /* Build configuration list for PBXProject "StoreSearch" */;
			compatibilityVersion = "Xcode 3.2";
			developmentRegion = English;
			hasScannedForEncodings = 0;
			knownRegions = (
				en,
				Base,
			);
			mainGroup = E437A3381C93F75900DB0B20;
			productRefGroup = E437A3421C93F75900DB0B20 /* Products */;
			projectDirPath = "";
			projectRoot = "";
			targets = (
				E437A3401C93F75900DB0B20 /* StoreSearch */,
			);
		};
/* End PBXProject section */

/* Begin PBXResourcesBuildPhase section */
		E437A33F1C93F75900DB0B20 /* Resources */ = {
			isa = PBXResourcesBuildPhase;
			buildActionMask = 2147483647;
			files = (
				E437A34F1C93F75900DB0B20 /* LaunchScreen.storyboard in Resources */,
				E437A34C1C93F75900DB0B20 /* Assets.xcassets in Resources */,
				E437A34A1C93F75900DB0B20 /* Main.storyboard in Resources */,
			);
			runOnlyForDeploymentPostprocessing = 0;
		};
/* End PBXResourcesBuildPhase section */

/* Begin PBXSourcesBuildPhase section */
		E437A33D1C93F75900DB0B20 /* Sources */ = {
			isa = PBXSourcesBuildPhase;
			buildActionMask = 2147483647;
			files = (
				E437A3471C93F75900DB0B20 /* SearchViewController.swift in Sources */,
				E4829EEA1C97387700DCF0F8 /* SearchResult.swift in Sources */,
				E437A3451C93F75900DB0B20 /* AppDelegate.swift in Sources */,
			);
			runOnlyForDeploymentPostprocessing = 0;
		};
/* End PBXSourcesBuildPhase section */

/* Begin PBXVariantGroup section */
		E437A3481C93F75900DB0B20 /* Main.storyboard */ = {
			isa = PBXVariantGroup;
			children = (
				E437A3491C93F75900DB0B20 /* Base */,
			);
			name = Main.storyboard;
			sourceTree = "<group>";
		};
		E437A34D1C93F75900DB0B20 /* LaunchScreen.storyboard */ = {
			isa = PBXVariantGroup;
			children = (
				E437A34E1C93F75900DB0B20 /* Base */,
			);
			name = LaunchScreen.storyboard;
			sourceTree = "<group>";
		};
/* End PBXVariantGroup section */

/* Begin XCBuildConfiguration section */
		E437A3511C93F75900DB0B20 /* Debug */ = {
			isa = XCBuildConfiguration;
			buildSettings = {
				ALWAYS_SEARCH_USER_PATHS = NO;
				CLANG_CXX_LANGUAGE_STANDARD = "gnu++0x";
				CLANG_CXX_LIBRARY = "libc++";
				CLANG_ENABLE_MODULES = YES;
				CLANG_ENABLE_OBJC_ARC = YES;
				CLANG_WARN_BOOL_CONVERSION = YES;
				CLANG_WARN_CONSTANT_CONVERSION = YES;
				CLANG_WARN_DIRECT_OBJC_ISA_USAGE = YES_ERROR;
				CLANG_WARN_EMPTY_BODY = YES;
				CLANG_WARN_ENUM_CONVERSION = YES;
				CLANG_WARN_INT_CONVERSION = YES;
				CLANG_WARN_OBJC_ROOT_CLASS = YES_ERROR;
				CLANG_WARN_UNREACHABLE_CODE = YES;
				CLANG_WARN__DUPLICATE_METHOD_MATCH = YES;
				"CODE_SIGN_IDENTITY[sdk=iphoneos*]" = "iPhone Developer";
				COPY_PHASE_STRIP = NO;
				DEBUG_INFORMATION_FORMAT = dwarf;
				ENABLE_STRICT_OBJC_MSGSEND = YES;
				ENABLE_TESTABILITY = YES;
				GCC_C_LANGUAGE_STANDARD = gnu99;
				GCC_DYNAMIC_NO_PIC = NO;
				GCC_NO_COMMON_BLOCKS = YES;
				GCC_OPTIMIZATION_LEVEL = 0;
				GCC_PREPROCESSOR_DEFINITIONS = (
					"DEBUG=1",
					"$(inherited)",
				);
				GCC_WARN_64_TO_32_BIT_CONVERSION = YES;
				GCC_WARN_ABOUT_RETURN_TYPE = YES_ERROR;
				GCC_WARN_UNDECLARED_SELECTOR = YES;
				GCC_WARN_UNINITIALIZED_AUTOS = YES_AGGRESSIVE;
				GCC_WARN_UNUSED_FUNCTION = YES;
				GCC_WARN_UNUSED_VARIABLE = YES;
				IPHONEOS_DEPLOYMENT_TARGET = 9.2;
				MTL_ENABLE_DEBUG_INFO = YES;
				ONLY_ACTIVE_ARCH = YES;
				SDKROOT = iphoneos;
				SWIFT_OPTIMIZATION_LEVEL = "-Onone";
			};
			name = Debug;
		};
		E437A3521C93F75900DB0B20 /* Release */ = {
			isa = XCBuildConfiguration;
			buildSettings = {
				ALWAYS_SEARCH_USER_PATHS = NO;
				CLANG_CXX_LANGUAGE_STANDARD = "gnu++0x";
				CLANG_CXX_LIBRARY = "libc++";
				CLANG_ENABLE_MODULES = YES;
				CLANG_ENABLE_OBJC_ARC = YES;
				CLANG_WARN_BOOL_CONVERSION = YES;
				CLANG_WARN_CONSTANT_CONVERSION = YES;
				CLANG_WARN_DIRECT_OBJC_ISA_USAGE = YES_ERROR;
				CLANG_WARN_EMPTY_BODY = YES;
				CLANG_WARN_ENUM_CONVERSION = YES;
				CLANG_WARN_INT_CONVERSION = YES;
				CLANG_WARN_OBJC_ROOT_CLASS = YES_ERROR;
				CLANG_WARN_UNREACHABLE_CODE = YES;
				CLANG_WARN__DUPLICATE_METHOD_MATCH = YES;
				"CODE_SIGN_IDENTITY[sdk=iphoneos*]" = "iPhone Developer";
				COPY_PHASE_STRIP = NO;
				DEBUG_INFORMATION_FORMAT = "dwarf-with-dsym";
				ENABLE_NS_ASSERTIONS = NO;
				ENABLE_STRICT_OBJC_MSGSEND = YES;
				GCC_C_LANGUAGE_STANDARD = gnu99;
				GCC_NO_COMMON_BLOCKS = YES;
				GCC_WARN_64_TO_32_BIT_CONVERSION = YES;
				GCC_WARN_ABOUT_RETURN_TYPE = YES_ERROR;
				GCC_WARN_UNDECLARED_SELECTOR = YES;
				GCC_WARN_UNINITIALIZED_AUTOS = YES_AGGRESSIVE;
				GCC_WARN_UNUSED_FUNCTION = YES;
				GCC_WARN_UNUSED_VARIABLE = YES;
				IPHONEOS_DEPLOYMENT_TARGET = 9.2;
				MTL_ENABLE_DEBUG_INFO = NO;
				SDKROOT = iphoneos;
				VALIDATE_PRODUCT = YES;
			};
			name = Release;
		};
		E437A3541C93F75900DB0B20 /* Debug */ = {
			isa = XCBuildConfiguration;
			buildSettings = {
				ASSETCATALOG_COMPILER_APPICON_NAME = AppIcon;
				INFOPLIST_FILE = StoreSearch/Info.plist;
				LD_RUNPATH_SEARCH_PATHS = "$(inherited) @executable_path/Frameworks";
				PRODUCT_BUNDLE_IDENTIFIER = com.Oleksandr.StoreSearch;
				PRODUCT_NAME = "$(TARGET_NAME)";
			};
			name = Debug;
		};
		E437A3551C93F75900DB0B20 /* Release */ = {
			isa = XCBuildConfiguration;
			buildSettings = {
				ASSETCATALOG_COMPILER_APPICON_NAME = AppIcon;
				INFOPLIST_FILE = StoreSearch/Info.plist;
				LD_RUNPATH_SEARCH_PATHS = "$(inherited) @executable_path/Frameworks";
				PRODUCT_BUNDLE_IDENTIFIER = com.Oleksandr.StoreSearch;
				PRODUCT_NAME = "$(TARGET_NAME)";
			};
			name = Release;
		};
/* End XCBuildConfiguration section */

/* Begin XCConfigurationList section */
		E437A33C1C93F75900DB0B20 /* Build configuration list for PBXProject "StoreSearch" */ = {
			isa = XCConfigurationList;
			buildConfigurations = (
				E437A3511C93F75900DB0B20 /* Debug */,
				E437A3521C93F75900DB0B20 /* Release */,
			);
			defaultConfigurationIsVisible = 0;
			defaultConfigurationName = Release;
		};
		E437A3531C93F75900DB0B20 /* Build configuration list for PBXNativeTarget "StoreSearch" */ = {
			isa = XCConfigurationList;
			buildConfigurations = (
				E437A3541C93F75900DB0B20 /* Debug */,
				E437A3551C93F75900DB0B20 /* Release */,
			);
			defaultConfigurationIsVisible = 0;
			defaultConfigurationName = Release;
		};
/* End XCConfigurationList section */
	};
	rootObject = E437A3391C93F75900DB0B20 /* Project object */;
}
